
Microsoft Visual Studio Solution File, Format Version 12.00
# Visual Studio Version 17
VisualStudioVersion = 17.5.002.0
MinimumVisualStudioVersion = 10.0.40219.1
Project("{9A19103F-16F7-4668-BE54-9A1E7A4F7556}") = "Task1", "Task1\Task1.csproj", "{0D7A99BE-8309-4D05-829A-655B1EFD40F9}"
EndProject
Project("{9A19103F-16F7-4668-BE54-9A1E7A4F7556}") = "Task3", "Task3\Task3.csproj", "{10BFE03F-34D8-43E5-8348-9F72ACBAFA71}"
EndProject
Project("{9A19103F-16F7-4668-BE54-9A1E7A4F7556}") = "Task2", "Task2\Task2.csproj", "{9AC69EE4-6F6D-471C-B77D-94D7C1302453}"
EndProject
Global
	GlobalSection(SolutionConfigurationPlatforms) = preSolution
		Debug|Any CPU = Debug|Any CPU
		Release|Any CPU = Release|Any CPU
	EndGlobalSection
	GlobalSection(ProjectConfigurationPlatforms) = postSolution
		{0D7A99BE-8309-4D05-829A-655B1EFD40F9}.Debug|Any CPU.ActiveCfg = Debug|Any CPU
		{0D7A99BE-8309-4D05-829A-655B1EFD40F9}.Debug|Any CPU.Build.0 = Debug|Any CPU
		{0D7A99BE-8309-4D05-829A-655B1EFD40F9}.Release|Any CPU.ActiveCfg = Release|Any CPU
		{0D7A99BE-8309-4D05-829A-655B1EFD40F9}.Release|Any CPU.Build.0 = Release|Any CPU
		{10BFE03F-34D8-43E5-8348-9F72ACBAFA71}.Debug|Any CPU.ActiveCfg = Debug|Any CPU
		{10BFE03F-34D8-43E5-8348-9F72ACBAFA71}.Debug|Any CPU.Build.0 = Debug|Any CPU
		{10BFE03F-34D8-43E5-8348-9F72ACBAFA71}.Release|Any CPU.ActiveCfg = Release|Any CPU
		{10BFE03F-34D8-43E5-8348-9F72ACBAFA71}.Release|Any CPU.Build.0 = Release|Any CPU
		{9AC69EE4-6F6D-471C-B77D-94D7C1302453}.Debug|Any CPU.ActiveCfg = Debug|Any CPU
		{9AC69EE4-6F6D-471C-B77D-94D7C1302453}.Debug|Any CPU.Build.0 = Debug|Any CPU
		{9AC69EE4-6F6D-471C-B77D-94D7C1302453}.Release|Any CPU.ActiveCfg = Release|Any CPU
		{9AC69EE4-6F6D-471C-B77D-94D7C1302453}.Release|Any CPU.Build.0 = Release|Any CPU
	EndGlobalSection
	GlobalSection(SolutionProperties) = preSolution
		HideSolutionNode = FALSE
	EndGlobalSection
	GlobalSection(ExtensibilityGlobals) = postSolution
		SolutionGuid = {90B65E91-E630-48B0-BCC0-ED9B393A1308}
	EndGlobalSection
EndGlobal
